
Microsoft Visual Studio Solution File, Format Version 12.00
# Visual Studio Version 17
VisualStudioVersion = 17.14.36623.8 d17.14
MinimumVisualStudioVersion = 10.0.40219.1
Project("{FAE04EC0-301F-11D3-BF4B-00C04F79EFBC}") = "TechnicalAssessmentPortal", "TechnicalAssessmentPortal\TechnicalAssessmentPortal.csproj", "{69E4BE6D-3D97-42EF-A033-93845FE51721}"
EndProject
Global
	GlobalSection(SolutionConfigurationPlatforms) = preSolution
		Debug|Any CPU = Debug|Any CPU
		Release|Any CPU = Release|Any CPU
	EndGlobalSection
	GlobalSection(ProjectConfigurationPlatforms) = postSolution
		{69E4BE6D-3D97-42EF-A033-93845FE51721}.Debug|Any CPU.ActiveCfg = Debug|Any CPU
		{69E4BE6D-3D97-42EF-A033-93845FE51721}.Debug|Any CPU.Build.0 = Debug|Any CPU
		{69E4BE6D-3D97-42EF-A033-93845FE51721}.Release|Any CPU.ActiveCfg = Release|Any CPU
		{69E4BE6D-3D97-42EF-A033-93845FE51721}.Release|Any CPU.Build.0 = Release|Any CPU
	EndGlobalSection
	GlobalSection(SolutionProperties) = preSolution
		HideSolutionNode = FALSE
	EndGlobalSection
	GlobalSection(ExtensibilityGlobals) = postSolution
		SolutionGuid = {0931BF8A-C64D-41AF-8521-3AAD8B39DA68}
	EndGlobalSection
EndGlobal
